Microsoft Visual Studio Solution File, Format Version 12.00
# Visual Studio Version 17
VisualStudioVersion = 17.0.31912.275
MinimumVisualStudioVersion = 10.0.40219.1
Project("{FAE04EC0-301F-11D3-BF4B-00C04F79EFBC}") = "state-service", "state-service.csproj", "{8E5D7A53-D511-4FCC-A7F2-30CD9A9F11D2}"
EndProject
Global
	GlobalSection(SolutionConfigurationPlatforms) = preSolution
		Debug|Any CPU = Debug|Any CPU
		Release|Any CPU = Release|Any CPU
	EndGlobalSection
	GlobalSection(ProjectConfigurationPlatforms) = postSolution
		{8E5D7A53-D511-4FCC-A7F2-30CD9A9F11D2}.Debug|Any CPU.ActiveCfg = Debug|Any CPU
		{8E5D7A53-D511-4FCC-A7F2-30CD9A9F11D2}.Debug|Any CPU.Build.0 = Debug|Any CPU
		{8E5D7A53-D511-4FCC-A7F2-30CD9A9F11D2}.Release|Any CPU.ActiveCfg = Release|Any CPU
		{8E5D7A53-D511-4FCC-A7F2-30CD9A9F11D2}.Release|Any CPU.Build.0 = Release|Any CPU
	EndGlobalSection
	GlobalSection(SolutionProperties) = preSolution
		HideSolutionNode = FALSE
	EndGlobalSection
	GlobalSection(ExtensibilityGlobals) = postSolution
		SolutionGuid = {B3F7EF16-6E04-4111-A9A6-6A498AABA904}
	EndGlobalSection
EndGlobal
