Microsoft Visual Studio Solution File, Format Version 12.00
# Visual Studio Version 17
VisualStudioVersion = 17.0.31912.275
MinimumVisualStudioVersion = 10.0.40219.1
Project("{FAE04EC0-301F-11D3-BF4B-00C04F79EFBC}") = "training-service", "training-service.csproj", "{00000000-0000-0000-0000-000000000000}"
EndProject
Global
	GlobalSection(SolutionConfigurationPlatforms) = preSolution
		Training Service|Any CPU = Training Service|Any CPU
	EndGlobalSection
	GlobalSection(ProjectConfigurationPlatforms) = postSolution
		{00000000-0000-0000-0000-000000000000}.Training Service|Any CPU.ActiveCfg = Training Service|Any CPU
		{00000000-0000-0000-0000-000000000000}.Training Service|Any CPU.Build.0 = Training Service|Any CPU
	EndGlobalSection
EndGlobal
